// !$*UTF8*$!
{
	archiveVersion = 1;
	classes = {
	};
	objectVersion = 77;
	objects = {

/* Begin PBXContainerItemProxy section */
		DBE6CD382CAF8DA00036227A /* PBXContainerItemProxy */ = {
			isa = PBXContainerItemProxy;
			containerPortal = DBE6CD1F2CAF8D9F0036227A /* Project object */;
			proxyType = 1;
			remoteGlobalIDString = DBE6CD262CAF8D9F0036227A;
			remoteInfo = NightLight;
		};
		DBE6CD422CAF8DA00036227A /* PBXContainerItemProxy */ = {
			isa = PBXContainerItemProxy;
			containerPortal = DBE6CD1F2CAF8D9F0036227A /* Project object */;
			proxyType = 1;
			remoteGlobalIDString = DBE6CD262CAF8D9F0036227A;
			remoteInfo = NightLight;
		};
/* End PBXContainerItemProxy section */

/* Begin PBXFileReference section */
		DBE6CD272CAF8D9F0036227A /* NightLight.app */ = {isa = PBXFileReference; explicitFileType = wrapper.application; includeInIndex = 0; path = NightLight.app; sourceTree = BUILT_PRODUCTS_DIR; };
		DBE6CD372CAF8DA00036227A /* NightLightTests.xctest */ = {isa = PBXFileReference; explicitFileType = wrapper.cfbundle; includeInIndex = 0; path = NightLightTests.xctest; sourceTree = BUILT_PRODUCTS_DIR; };
		DBE6CD412CAF8DA00036227A /* NightLightUITests.xctest */ = {isa = PBXFileReference; explicitFileType = wrapper.cfbundle; includeInIndex = 0; path = NightLightUITests.xctest; sourceTree = BUILT_PRODUCTS_DIR; };
/* End PBXFileReference section */

/* Begin PBXFileSystemSynchronizedRootGroup section */
		DBE6CD292CAF8D9F0036227A /* NightLight */ = {
			isa = PBXFileSystemSynchronizedRootGroup;
			path = NightLight;
			sourceTree = "<group>";
		};
		DBE6CD3A2CAF8DA00036227A /* NightLightTests */ = {
			isa = PBXFileSystemSynchronizedRootGroup;
			path = NightLightTests;
			sourceTree = "<group>";
		};
		DBE6CD442CAF8DA00036227A /* NightLightUITests */ = {
			isa = PBXFileSystemSynchronizedRootGroup;
			path = NightLightUITests;
			sourceTree = "<group>";
		};
/* End PBXFileSystemSynchronizedRootGroup section */

/* Begin PBXFrameworksBuildPhase section */
		DBE6CD242CAF8D9F0036227A /* Frameworks */ = {
			isa = PBXFrameworksBuildPhase;
			buildActionMask = 2147483647;
			files = (
			);
			runOnlyForDeploymentPostprocessing = 0;
		};
		DBE6CD342CAF8DA00036227A /* Frameworks */ = {
			isa = PBXFrameworksBuildPhase;
			buildActionMask = 2147483647;
			files = (
			);
			runOnlyForDeploymentPostprocessing = 0;
		};
		DBE6CD3E2CAF8DA00036227A /* Frameworks */ = {
			isa = PBXFrameworksBuildPhase;
			buildActionMask = 2147483647;
			files = (
			);
			runOnlyForDeploymentPostprocessing = 0;
		};
/* End PBXFrameworksBuildPhase section */

/* Begin PBXGroup section */
		DBE6CD1E2CAF8D9F0036227A = {
			isa = PBXGroup;
			children = (
				DBE6CD292CAF8D9F0036227A /* NightLight */,
				DBE6CD3A2CAF8DA00036227A /* NightLightTests */,
				DBE6CD442CAF8DA00036227A /* NightLightUITests */,
				DBE6CD282CAF8D9F0036227A /* Products */,
			);
			sourceTree = "<group>";
		};
		DBE6CD282CAF8D9F0036227A /* Products */ = {
			isa = PBXGroup;
			children = (
				DBE6CD272CAF8D9F0036227A /* NightLight.app */,
				DBE6CD372CAF8DA00036227A /* NightLightTests.xctest */,
				DBE6CD412CAF8DA00036227A /* NightLightUITests.xctest */,
			);
			name = Products;
			sourceTree = "<group>";
		};
/* End PBXGroup section */

/* Begin PBXNativeTarget section */
		DBE6CD262CAF8D9F0036227A /* NightLight */ = {
			isa = PBXNativeTarget;
			buildConfigurationList = DBE6CD4B2CAF8DA00036227A /* Build configuration list for PBXNativeTarget "NightLight" */;
			buildPhases = (
				DBE6CD232CAF8D9F0036227A /* Sources */,
				DBE6CD242CAF8D9F0036227A /* Frameworks */,
				DBE6CD252CAF8D9F0036227A /* Resources */,
			);
			buildRules = (
			);
			dependencies = (
			);
			fileSystemSynchronizedGroups = (
				DBE6CD292CAF8D9F0036227A /* NightLight */,
			);
			name = NightLight;
			packageProductDependencies = (
			);
			productName = NightLight;
			productReference = DBE6CD272CAF8D9F0036227A /* NightLight.app */;
			productType = "com.apple.product-type.application";
		};
		DBE6CD362CAF8DA00036227A /* NightLightTests */ = {
			isa = PBXNativeTarget;
			buildConfigurationList = DBE6CD4E2CAF8DA00036227A /* Build configuration list for PBXNativeTarget "NightLightTests" */;
			buildPhases = (
				DBE6CD332CAF8DA00036227A /* Sources */,
				DBE6CD342CAF8DA00036227A /* Frameworks */,
				DBE6CD352CAF8DA00036227A /* Resources */,
			);
			buildRules = (
			);
			dependencies = (
				DBE6CD392CAF8DA00036227A /* PBXTargetDependency */,
			);
			fileSystemSynchronizedGroups = (
				DBE6CD3A2CAF8DA00036227A /* NightLightTests */,
			);
			name = NightLightTests;
			packageProductDependencies = (
			);
			productName = NightLightTests;
			productReference = DBE6CD372CAF8DA00036227A /* NightLightTests.xctest */;
			productType = "com.apple.product-type.bundle.unit-test";
		};
		DBE6CD402CAF8DA00036227A /* NightLightUITests */ = {
			isa = PBXNativeTarget;
			buildConfigurationList = DBE6CD512CAF8DA00036227A /* Build configuration list for PBXNativeTarget "NightLightUITests" */;
			buildPhases = (
				DBE6CD3D2CAF8DA00036227A /* Sources */,
				DBE6CD3E2CAF8DA00036227A /* Frameworks */,
				DBE6CD3F2CAF8DA00036227A /* Resources */,
			);
			buildRules = (
			);
			dependencies = (
				DBE6CD432CAF8DA00036227A /* PBXTargetDependency */,
			);
			fileSystemSynchronizedGroups = (
				DBE6CD442CAF8DA00036227A /* NightLightUITests */,
			);
			name = NightLightUITests;
			packageProductDependencies = (
			);
			productName = NightLightUITests;
			productReference = DBE6CD412CAF8DA00036227A /* NightLightUITests.xctest */;
			productType = "com.apple.product-type.bundle.ui-testing";
		};
/* End PBXNativeTarget section */

/* Begin PBXProject section */
		DBE6CD1F2CAF8D9F0036227A /* Project object */ = {
			isa = PBXProject;
			attributes = {
				BuildIndependentTargetsInParallel = 1;
				LastSwiftUpdateCheck = 1600;
				LastUpgradeCheck = 1600;
				TargetAttributes = {
					DBE6CD262CAF8D9F0036227A = {
						CreatedOnToolsVersion = 16.0;
					};
					DBE6CD362CAF8DA00036227A = {
						CreatedOnToolsVersion = 16.0;
						TestTargetID = DBE6CD262CAF8D9F0036227A;
					};
					DBE6CD402CAF8DA00036227A = {
						CreatedOnToolsVersion = 16.0;
						TestTargetID = DBE6CD262CAF8D9F0036227A;
					};
				};
			};
			buildConfigurationList = DBE6CD222CAF8D9F0036227A /* Build configuration list for PBXProject "NightLight" */;
			developmentRegion = en;
			hasScannedForEncodings = 0;
			knownRegions = (
				en,
				Base,
			);
			mainGroup = DBE6CD1E2CAF8D9F0036227A;
			minimizedProjectReferenceProxies = 1;
			preferredProjectObjectVersion = 77;
			productRefGroup = DBE6CD282CAF8D9F0036227A /* Products */;
			projectDirPath = "";
			projectRoot = "";
			targets = (
				DBE6CD262CAF8D9F0036227A /* NightLight */,
				DBE6CD362CAF8DA00036227A /* NightLightTests */,
				DBE6CD402CAF8DA00036227A /* NightLightUITests */,
			);
		};
/* End PBXProject section */

/* Begin PBXResourcesBuildPhase section */
		DBE6CD252CAF8D9F0036227A /* Resources */ = {
			isa = PBXResourcesBuildPhase;
			buildActionMask = 2147483647;
			files = (
			);
			runOnlyForDeploymentPostprocessing = 0;
		};
		DBE6CD352CAF8DA00036227A /* Resources */ = {
			isa = PBXResourcesBuildPhase;
			buildActionMask = 2147483647;
			files = (
			);
			runOnlyForDeploymentPostprocessing = 0;
		};
		DBE6CD3F2CAF8DA00036227A /* Resources */ = {
			isa = PBXResourcesBuildPhase;
			buildActionMask = 2147483647;
			files = (
			);
			runOnlyForDeploymentPostprocessing = 0;
		};
/* End PBXResourcesBuildPhase section */

/* Begin PBXSourcesBuildPhase section */
		DBE6CD232CAF8D9F0036227A /* Sources */ = {
			isa = PBXSourcesBuildPhase;
			buildActionMask = 2147483647;
			files = (
			);
			runOnlyForDeploymentPostprocessing = 0;
		};
		DBE6CD332CAF8DA00036227A /* Sources */ = {
			isa = PBXSourcesBuildPhase;
			buildActionMask = 2147483647;
			files = (
			);
			runOnlyForDeploymentPostprocessing = 0;
		};
		DBE6CD3D2CAF8DA00036227A /* Sources */ = {
			isa = PBXSourcesBuildPhase;
			buildActionMask = 2147483647;
			files = (
			);
			runOnlyForDeploymentPostprocessing = 0;
		};
/* End PBXSourcesBuildPhase section */

/* Begin PBXTargetDependency section */
		DBE6CD392CAF8DA00036227A /* PBXTargetDependency */ = {
			isa = PBXTargetDependency;
			target = DBE6CD262CAF8D9F0036227A /* NightLight */;
			targetProxy = DBE6CD382CAF8DA00036227A /* PBXContainerItemProxy */;
		};
		DBE6CD432CAF8DA00036227A /* PBXTargetDependency */ = {
			isa = PBXTargetDependency;
			target = DBE6CD262CAF8D9F0036227A /* NightLight */;
			targetProxy = DBE6CD422CAF8DA00036227A /* PBXContainerItemProxy */;
		};
/* End PBXTargetDependency section */

/* Begin XCBuildConfiguration section */
		DBE6CD492CAF8DA00036227A /* Debug */ = {
			isa = XCBuildConfiguration;
			buildSettings = {
				ALWAYS_SEARCH_USER_PATHS = NO;
				ASSETCATALOG_COMPILER_GENERATE_SWIFT_ASSET_SYMBOL_EXTENSIONS = YES;
				CLANG_ANALYZER_NONNULL = YES;
				CLANG_ANALYZER_NUMBER_OBJECT_CONVERSION = YES_AGGRESSIVE;
				CLANG_CXX_LANGUAGE_STANDARD = "gnu++20";
				CLANG_ENABLE_MODULES = YES;
				CLANG_ENABLE_OBJC_ARC = YES;
				CLANG_ENABLE_OBJC_WEAK = YES;
				CLANG_WARN_BLOCK_CAPTURE_AUTORELEASING = YES;
				CLANG_WARN_BOOL_CONVERSION = YES;
				CLANG_WARN_COMMA = YES;
				CLANG_WARN_CONSTANT_CONVERSION = YES;
				CLANG_WARN_DEPRECATED_OBJC_IMPLEMENTATIONS = YES;
				CLANG_WARN_DIRECT_OBJC_ISA_USAGE = YES_ERROR;
				CLANG_WARN_DOCUMENTATION_COMMENTS = YES;
				CLANG_WARN_EMPTY_BODY = YES;
				CLANG_WARN_ENUM_CONVERSION = YES;
				CLANG_WARN_INFINITE_RECURSION = YES;
				CLANG_WARN_INT_CONVERSION = YES;
				CLANG_WARN_NON_LITERAL_NULL_CONVERSION = YES;
				CLANG_WARN_OBJC_IMPLICIT_RETAIN_SELF = YES;
				CLANG_WARN_OBJC_LITERAL_CONVERSION = YES;
				CLANG_WARN_OBJC_ROOT_CLASS = YES_ERROR;
				CLANG_WARN_QUOTED_INCLUDE_IN_FRAMEWORK_HEADER = YES;
				CLANG_WARN_RANGE_LOOP_ANALYSIS = YES;
				CLANG_WARN_STRICT_PROTOTYPES = YES;
				CLANG_WARN_SUSPICIOUS_MOVE = YES;
				CLANG_WARN_UNGUARDED_AVAILABILITY = YES_AGGRESSIVE;
				CLANG_WARN_UNREACHABLE_CODE = YES;
				CLANG_WARN__DUPLICATE_METHOD_MATCH = YES;
				COPY_PHASE_STRIP = NO;
				DEBUG_INFORMATION_FORMAT = dwarf;
				ENABLE_STRICT_OBJC_MSGSEND = YES;
				ENABLE_TESTABILITY = YES;
				ENABLE_USER_SCRIPT_SANDBOXING = YES;
				GCC_C_LANGUAGE_STANDARD = gnu17;
				GCC_DYNAMIC_NO_PIC = NO;
				GCC_NO_COMMON_BLOCKS = YES;
				GCC_OPTIMIZATION_LEVEL = 0;
				GCC_PREPROCESSOR_DEFINITIONS = (
					"DEBUG=1",
					"$(inherited)",
				);
				GCC_WARN_64_TO_32_BIT_CONVERSION = YES;
				GCC_WARN_ABOUT_RETURN_TYPE = YES_ERROR;
				GCC_WARN_UNDECLARED_SELECTOR = YES;
				GCC_WARN_UNINITIALIZED_AUTOS = YES_AGGRESSIVE;
				GCC_WARN_UNUSED_FUNCTION = YES;
				GCC_WARN_UNUSED_VARIABLE = YES;
				IPHONEOS_DEPLOYMENT_TARGET = 18.0;
				LOCALIZATION_PREFERS_STRING_CATALOGS = YES;
				MTL_ENABLE_DEBUG_INFO = INCLUDE_SOURCE;
				MTL_FAST_MATH = YES;
				ONLY_ACTIVE_ARCH = YES;
				SDKROOT = iphoneos;
				SWIFT_ACTIVE_COMPILATION_CONDITIONS = "DEBUG $(inherited)";
				SWIFT_OPTIMIZATION_LEVEL = "-Onone";
			};
			name = Debug;
		};
		DBE6CD4A2CAF8DA00036227A /* Release */ = {
			isa = XCBuildConfiguration;
			buildSettings = {
				ALWAYS_SEARCH_USER_PATHS = NO;
				ASSETCATALOG_COMPILER_GENERATE_SWIFT_ASSET_SYMBOL_EXTENSIONS = YES;
				CLANG_ANALYZER_NONNULL = YES;
				CLANG_ANALYZER_NUMBER_OBJECT_CONVERSION = YES_AGGRESSIVE;
				CLANG_CXX_LANGUAGE_STANDARD = "gnu++20";
				CLANG_ENABLE_MODULES = YES;
				CLANG_ENABLE_OBJC_ARC = YES;
				CLANG_ENABLE_OBJC_WEAK = YES;
				CLANG_WARN_BLOCK_CAPTURE_AUTORELEASING = YES;
				CLANG_WARN_BOOL_CONVERSION = YES;
				CLANG_WARN_COMMA = YES;
				CLANG_WARN_CONSTANT_CONVERSION = YES;
				CLANG_WARN_DEPRECATED_OBJC_IMPLEMENTATIONS = YES;
				CLANG_WARN_DIRECT_OBJC_ISA_USAGE = YES_ERROR;
				CLANG_WARN_DOCUMENTATION_COMMENTS = YES;
				CLANG_WARN_EMPTY_BODY = YES;
				CLANG_WARN_ENUM_CONVERSION = YES;
				CLANG_WARN_INFINITE_RECURSION = YES;
				CLANG_WARN_INT_CONVERSION = YES;
				CLANG_WARN_NON_LITERAL_NULL_CONVERSION = YES;
				CLANG_WARN_OBJC_IMPLICIT_RETAIN_SELF = YES;
				CLANG_WARN_OBJC_LITERAL_CONVERSION = YES;
				CLANG_WARN_OBJC_ROOT_CLASS = YES_ERROR;
				CLANG_WARN_QUOTED_INCLUDE_IN_FRAMEWORK_HEADER = YES;
				CLANG_WARN_RANGE_LOOP_ANALYSIS = YES;
				CLANG_WARN_STRICT_PROTOTYPES = YES;
				CLANG_WARN_SUSPICIOUS_MOVE = YES;
				CLANG_WARN_UNGUARDED_AVAILABILITY = YES_AGGRESSIVE;
				CLANG_WARN_UNREACHABLE_CODE = YES;
				CLANG_WARN__DUPLICATE_METHOD_MATCH = YES;
				COPY_PHASE_STRIP = NO;
				DEBUG_INFORMATION_FORMAT = "dwarf-with-dsym";
				ENABLE_NS_ASSERTIONS = NO;
				ENABLE_STRICT_OBJC_MSGSEND = YES;
				ENABLE_USER_SCRIPT_SANDBOXING = YES;
				GCC_C_LANGUAGE_STANDARD = gnu17;
				GCC_NO_COMMON_BLOCKS = YES;
				GCC_WARN_64_TO_32_BIT_CONVERSION = YES;
				GCC_WARN_ABOUT_RETURN_TYPE = YES_ERROR;
				GCC_WARN_UNDECLARED_SELECTOR = YES;
				GCC_WARN_UNINITIALIZED_AUTOS = YES_AGGRESSIVE;
				GCC_WARN_UNUSED_FUNCTION = YES;
				GCC_WARN_UNUSED_VARIABLE = YES;
				IPHONEOS_DEPLOYMENT_TARGET = 18.0;
				LOCALIZATION_PREFERS_STRING_CATALOGS = YES;
				MTL_ENABLE_DEBUG_INFO = NO;
				MTL_FAST_MATH = YES;
				SDKROOT = iphoneos;
				SWIFT_COMPILATION_MODE = wholemodule;
				VALIDATE_PRODUCT = YES;
			};
			name = Release;
		};
		DBE6CD4C2CAF8DA00036227A /* Debug */ = {
			isa = XCBuildConfiguration;
			buildSettings = {
				ASSETCATALOG_COMPILER_APPICON_NAME = AppIcon;
				ASSETCATALOG_COMPILER_GLOBAL_ACCENT_COLOR_NAME = AccentColor;
				CODE_SIGN_STYLE = Automatic;
				CURRENT_PROJECT_VERSION = 1;
				DEVELOPMENT_ASSET_PATHS = "\"NightLight/Preview Content\"";
				DEVELOPMENT_TEAM = GY9MAHBJB2;
				ENABLE_PREVIEWS = YES;
				GENERATE_INFOPLIST_FILE = YES;
				INFOPLIST_KEY_CFBundleDisplayName = "小夜灯";
				INFOPLIST_KEY_UIApplicationSceneManifest_Generation = YES;
				INFOPLIST_KEY_UIApplicationSupportsIndirectInputEvents = YES;
				INFOPLIST_KEY_UILaunchScreen_Generation = YES;
				INFOPLIST_KEY_UISupportedInterfaceOrientations_iPad = "UIInterfaceOrientationPortrait UIInterfaceOrientationPortraitUpsideDown UIInterfaceOrientationLandscapeLeft UIInterfaceOrientationLandscapeRight";
				INFOPLIST_KEY_UISupportedInterfaceOrientations_iPhone = "UIInterfaceOrientationPortrait UIInterfaceOrientationLandscapeLeft UIInterfaceOrientationLandscapeRight";
				IPHONEOS_DEPLOYMENT_TARGET = 15.0;
				LD_RUNPATH_SEARCH_PATHS = (
					"$(inherited)",
					"@executable_path/Frameworks",
				);
				MARKETING_VERSION = 1.0;
				PRODUCT_BUNDLE_IDENTIFIER = net.feguide.NightLight;
				PRODUCT_NAME = "$(TARGET_NAME)";
				SWIFT_EMIT_LOC_STRINGS = YES;
				SWIFT_VERSION = 5.0;
				TARGETED_DEVICE_FAMILY = "1,2";
			};
			name = Debug;
		};
		DBE6CD4D2CAF8DA00036227A /* Release */ = {
			isa = XCBuildConfiguration;
			buildSettings = {
				ASSETCATALOG_COMPILER_APPICON_NAME = AppIcon;
				ASSETCATALOG_COMPILER_GLOBAL_ACCENT_COLOR_NAME = AccentColor;
				CODE_SIGN_STYLE = Automatic;
				CURRENT_PROJECT_VERSION = 1;
				DEVELOPMENT_ASSET_PATHS = "\"NightLight/Preview Content\"";
				DEVELOPMENT_TEAM = GY9MAHBJB2;
				ENABLE_PREVIEWS = YES;
				GENERATE_INFOPLIST_FILE = YES;
				INFOPLIST_KEY_CFBundleDisplayName = "小夜灯";
				INFOPLIST_KEY_UIApplicationSceneManifest_Generation = YES;
				INFOPLIST_KEY_UIApplicationSupportsIndirectInputEvents = YES;
				INFOPLIST_KEY_UILaunchScreen_Generation = YES;
				INFOPLIST_KEY_UISupportedInterfaceOrientations_iPad = "UIInterfaceOrientationPortrait UIInterfaceOrientationPortraitUpsideDown UIInterfaceOrientationLandscapeLeft UIInterfaceOrientationLandscapeRight";
				INFOPLIST_KEY_UISupportedInterfaceOrientations_iPhone = "UIInterfaceOrientationPortrait UIInterfaceOrientationLandscapeLeft UIInterfaceOrientationLandscapeRight";
				IPHONEOS_DEPLOYMENT_TARGET = 15.0;
				LD_RUNPATH_SEARCH_PATHS = (
					"$(inherited)",
					"@executable_path/Frameworks",
				);
				MARKETING_VERSION = 1.0;
				PRODUCT_BUNDLE_IDENTIFIER = net.feguide.NightLight;
				PRODUCT_NAME = "$(TARGET_NAME)";
				SWIFT_EMIT_LOC_STRINGS = YES;
				SWIFT_VERSION = 5.0;
				TARGETED_DEVICE_FAMILY = "1,2";
			};
			name = Release;
		};
		DBE6CD4F2CAF8DA00036227A /* Debug */ = {
			isa = XCBuildConfiguration;
			buildSettings = {
				BUNDLE_LOADER = "$(TEST_HOST)";
				CODE_SIGN_STYLE = Automatic;
				CURRENT_PROJECT_VERSION = 1;
				DEVELOPMENT_TEAM = GY9MAHBJB2;
				GENERATE_INFOPLIST_FILE = YES;
				IPHONEOS_DEPLOYMENT_TARGET = 18.0;
				MARKETING_VERSION = 1.0;
				PRODUCT_BUNDLE_IDENTIFIER = net.feguide.NightLightTests;
				PRODUCT_NAME = "$(TARGET_NAME)";
				SWIFT_EMIT_LOC_STRINGS = NO;
				SWIFT_VERSION = 5.0;
				TARGETED_DEVICE_FAMILY = "1,2";
				TEST_HOST = "$(BUILT_PRODUCTS_DIR)/NightLight.app/$(BUNDLE_EXECUTABLE_FOLDER_PATH)/NightLight";
			};
			name = Debug;
		};
		DBE6CD502CAF8DA00036227A /* Release */ = {
			isa = XCBuildConfiguration;
			buildSettings = {
				BUNDLE_LOADER = "$(TEST_HOST)";
				CODE_SIGN_STYLE = Automatic;
				CURRENT_PROJECT_VERSION = 1;
				DEVELOPMENT_TEAM = GY9MAHBJB2;
				GENERATE_INFOPLIST_FILE = YES;
				IPHONEOS_DEPLOYMENT_TARGET = 18.0;
				MARKETING_VERSION = 1.0;
				PRODUCT_BUNDLE_IDENTIFIER = net.feguide.NightLightTests;
				PRODUCT_NAME = "$(TARGET_NAME)";
				SWIFT_EMIT_LOC_STRINGS = NO;
				SWIFT_VERSION = 5.0;
				TARGETED_DEVICE_FAMILY = "1,2";
				TEST_HOST = "$(BUILT_PRODUCTS_DIR)/NightLight.app/$(BUNDLE_EXECUTABLE_FOLDER_PATH)/NightLight";
			};
			name = Release;
		};
		DBE6CD522CAF8DA00036227A /* Debug */ = {
			isa = XCBuildConfiguration;
			buildSettings = {
				CODE_SIGN_STYLE = Automatic;
				CURRENT_PROJECT_VERSION = 1;
				DEVELOPMENT_TEAM = GY9MAHBJB2;
				GENERATE_INFOPLIST_FILE = YES;
				MARKETING_VERSION = 1.0;
				PRODUCT_BUNDLE_IDENTIFIER = net.feguide.NightLightUITests;
				PRODUCT_NAME = "$(TARGET_NAME)";
				SWIFT_EMIT_LOC_STRINGS = NO;
				SWIFT_VERSION = 5.0;
				TARGETED_DEVICE_FAMILY = "1,2";
				TEST_TARGET_NAME = NightLight;
			};
			name = Debug;
		};
		DBE6CD532CAF8DA00036227A /* Release */ = {
			isa = XCBuildConfiguration;
			buildSettings = {
				CODE_SIGN_STYLE = Automatic;
				CURRENT_PROJECT_VERSION = 1;
				DEVELOPMENT_TEAM = GY9MAHBJB2;
				GENERATE_INFOPLIST_FILE = YES;
				MARKETING_VERSION = 1.0;
				PRODUCT_BUNDLE_IDENTIFIER = net.feguide.NightLightUITests;
				PRODUCT_NAME = "$(TARGET_NAME)";
				SWIFT_EMIT_LOC_STRINGS = NO;
				SWIFT_VERSION = 5.0;
				TARGETED_DEVICE_FAMILY = "1,2";
				TEST_TARGET_NAME = NightLight;
			};
			name = Release;
		};
/* End XCBuildConfiguration section */

/* Begin XCConfigurationList section */
		DBE6CD222CAF8D9F0036227A /* Build configuration list for PBXProject "NightLight" */ = {
			isa = XCConfigurationList;
			buildConfigurations = (
				DBE6CD492CAF8DA00036227A /* Debug */,
				DBE6CD4A2CAF8DA00036227A /* Release */,
			);
			defaultConfigurationIsVisible = 0;
			defaultConfigurationName = Release;
		};
		DBE6CD4B2CAF8DA00036227A /* Build configuration list for PBXNativeTarget "NightLight" */ = {
			isa = XCConfigurationList;
			buildConfigurations = (
				DBE6CD4C2CAF8DA00036227A /* Debug */,
				DBE6CD4D2CAF8DA00036227A /* Release */,
			);
			defaultConfigurationIsVisible = 0;
			defaultConfigurationName = Release;
		};
		DBE6CD4E2CAF8DA00036227A /* Build configuration list for PBXNativeTarget "NightLightTests" */ = {
			isa = XCConfigurationList;
			buildConfigurations = (
				DBE6CD4F2CAF8DA00036227A /* Debug */,
				DBE6CD502CAF8DA00036227A /* Release */,
			);
			defaultConfigurationIsVisible = 0;
			defaultConfigurationName = Release;
		};
		DBE6CD512CAF8DA00036227A /* Build configuration list for PBXNativeTarget "NightLightUITests" */ = {
			isa = XCConfigurationList;
			buildConfigurations = (
				DBE6CD522CAF8DA00036227A /* Debug */,
				DBE6CD532CAF8DA00036227A /* Release */,
			);
			defaultConfigurationIsVisible = 0;
			defaultConfigurationName = Release;
		};
/* End XCConfigurationList section */
	};
	rootObject = DBE6CD1F2CAF8D9F0036227A /* Project object */;
}
